
Microsoft Visual Studio Solution File, Format Version 12.00
# Visual Studio 14
VisualStudioVersion = 14.0.24720.0
MinimumVisualStudioVersion = 10.0.40219.1
Project("{FAE04EC0-301F-11D3-BF4B-00C04F79EFBC}") = "Applied Learning Assesment", "Applied Learning Assesment\Applied Learning Assesment.csproj", "{C092332A-F631-4FCC-B3B5-893410614FFC}"
EndProject
Global
	GlobalSection(SolutionConfigurationPlatforms) = preSolution
		Debug|Any CPU = Debug|Any CPU
		Release|Any CPU = Release|Any CPU
	EndGlobalSection
	GlobalSection(ProjectConfigurationPlatforms) = postSolution
		{C092332A-F631-4FCC-B3B5-893410614FFC}.Debug|Any CPU.ActiveCfg = Debug|Any CPU
		{C092332A-F631-4FCC-B3B5-893410614FFC}.Debug|Any CPU.Build.0 = Debug|Any CPU
		{C092332A-F631-4FCC-B3B5-893410614FFC}.Release|Any CPU.ActiveCfg = Release|Any CPU
		{C092332A-F631-4FCC-B3B5-893410614FFC}.Release|Any CPU.Build.0 = Release|Any CPU
	EndGlobalSection
	GlobalSection(SolutionProperties) = preSolution
		HideSolutionNode = FALSE
	EndGlobalSection
EndGlobal
